
Microsoft Visual Studio Solution File, Format Version 12.00
# Visual Studio Version 16
VisualStudioVersion = 16.0.32106.194
MinimumVisualStudioVersion = 10.0.40219.1
Project("{8BC9CEB8-8B4A-11D0-8D11-00A0C91BC942}") = "Zadanie 1", "Zadanie 1\Zadanie 1.vcxproj", "{F6CB54BB-E2BF-4D71-A77D-9FE34BCACAD0}"
EndProject
Global
	GlobalSection(SolutionConfigurationPlatforms) = preSolution
		Debug|x64 = Debug|x64
		Debug|x86 = Debug|x86
		Release|x64 = Release|x64
		Release|x86 = Release|x86
	EndGlobalSection
	GlobalSection(ProjectConfigurationPlatforms) = postSolution
		{F6CB54BB-E2BF-4D71-A77D-9FE34BCACAD0}.Debug|x64.ActiveCfg = Debug|x64
		{F6CB54BB-E2BF-4D71-A77D-9FE34BCACAD0}.Debug|x64.Build.0 = Debug|x64
		{F6CB54BB-E2BF-4D71-A77D-9FE34BCACAD0}.Debug|x86.ActiveCfg = Debug|Win32
		{F6CB54BB-E2BF-4D71-A77D-9FE34BCACAD0}.Debug|x86.Build.0 = Debug|Win32
		{F6CB54BB-E2BF-4D71-A77D-9FE34BCACAD0}.Release|x64.ActiveCfg = Release|x64
		{F6CB54BB-E2BF-4D71-A77D-9FE34BCACAD0}.Release|x64.Build.0 = Release|x64
		{F6CB54BB-E2BF-4D71-A77D-9FE34BCACAD0}.Release|x86.ActiveCfg = Release|Win32
		{F6CB54BB-E2BF-4D71-A77D-9FE34BCACAD0}.Release|x86.Build.0 = Release|Win32
	EndGlobalSection
	GlobalSection(SolutionProperties) = preSolution
		HideSolutionNode = FALSE
	EndGlobalSection
	GlobalSection(ExtensibilityGlobals) = postSolution
		SolutionGuid = {FA85F90B-0956-4844-96C7-EAE9179805AF}
	EndGlobalSection
EndGlobal
